// !$*UTF8*$!
{
	archiveVersion = 1;
	classes = {
	};
	objectVersion = 55;
	objects = {

/* Begin PBXBuildFile section */
		520169C6280961AE00662E71 /* BrightButton.swift in Sources */ = {isa = PBXBuildFile; fileRef = 520169C5280961AE00662E71 /* BrightButton.swift */; };
		5228AD4E27FF5CEF0000122D /* AppDelegate.swift in Sources */ = {isa = PBXBuildFile; fileRef = 5228AD4D27FF5CEF0000122D /* AppDelegate.swift */; };
		5228AD5027FF5CEF0000122D /* SceneDelegate.swift in Sources */ = {isa = PBXBuildFile; fileRef = 5228AD4F27FF5CEF0000122D /* SceneDelegate.swift */; };
		5228AD5227FF5CEF0000122D /* AuthorizeViewController.swift in Sources */ = {isa = PBXBuildFile; fileRef = 5228AD5127FF5CEF0000122D /* AuthorizeViewController.swift */; };
		5228AD5527FF5CEF0000122D /* Main.storyboard in Resources */ = {isa = PBXBuildFile; fileRef = 5228AD5327FF5CEF0000122D /* Main.storyboard */; };
		5228AD5727FF5CF50000122D /* Assets.xcassets in Resources */ = {isa = PBXBuildFile; fileRef = 5228AD5627FF5CF50000122D /* Assets.xcassets */; };
		5228AD5A27FF5CF50000122D /* LaunchScreen.storyboard in Resources */ = {isa = PBXBuildFile; fileRef = 5228AD5827FF5CF50000122D /* LaunchScreen.storyboard */; };
		5251497B2809422A0055B8D0 /* RegisterViewController.swift in Sources */ = {isa = PBXBuildFile; fileRef = 5251497A2809422A0055B8D0 /* RegisterViewController.swift */; };
		5277D9742811DA3B00955C19 /* TitledScrollViewController.swift in Sources */ = {isa = PBXBuildFile; fileRef = 5277D9732811DA3B00955C19 /* TitledScrollViewController.swift */; };
		5277D9762811FE5200955C19 /* ProfileViewController.swift in Sources */ = {isa = PBXBuildFile; fileRef = 5277D9752811FE5200955C19 /* ProfileViewController.swift */; };
		5277D97C2811FFD100955C19 /* ProfileDataTableViewCell.swift in Sources */ = {isa = PBXBuildFile; fileRef = 5277D97A2811FFD100955C19 /* ProfileDataTableViewCell.swift */; };
		5277D97D2811FFD100955C19 /* ProfileDataTableViewCell.xib in Resources */ = {isa = PBXBuildFile; fileRef = 5277D97B2811FFD100955C19 /* ProfileDataTableViewCell.xib */; };
		52A8A7652830C33300C5B3EF /* Alamofire in Frameworks */ = {isa = PBXBuildFile; productRef = 52A8A7642830C33300C5B3EF /* Alamofire */; };
		52A8A7682830C3A900C5B3EF /* NetworkManager.swift in Sources */ = {isa = PBXBuildFile; fileRef = 52A8A7672830C3A900C5B3EF /* NetworkManager.swift */; };
		52A8A76B2830CB9400C5B3EF /* URLRequestBuilder.swift in Sources */ = {isa = PBXBuildFile; fileRef = 52A8A76A2830CB9400C5B3EF /* URLRequestBuilder.swift */; };
		52A8A76E2830CC2D00C5B3EF /* UsernameResponse.swift in Sources */ = {isa = PBXBuildFile; fileRef = 52A8A76D2830CC2D00C5B3EF /* UsernameResponse.swift */; };
		52A8A77128313B8A00C5B3EF /* SnackBar in Frameworks */ = {isa = PBXBuildFile; productRef = 52A8A77028313B8A00C5B3EF /* SnackBar */; };
		52A8A7732831516200C5B3EF /* ErrorMessageSnackBar.swift in Sources */ = {isa = PBXBuildFile; fileRef = 52A8A7722831516200C5B3EF /* ErrorMessageSnackBar.swift */; };
		52A8A775283177B900C5B3EF /* TokenResponse.swift in Sources */ = {isa = PBXBuildFile; fileRef = 52A8A774283177B900C5B3EF /* TokenResponse.swift */; };
		52A8A7782831952C00C5B3EF /* JGProgressHUD in Frameworks */ = {isa = PBXBuildFile; productRef = 52A8A7772831952C00C5B3EF /* JGProgressHUD */; };
		52A8A77B2831957E00C5B3EF /* KeychainAccess in Frameworks */ = {isa = PBXBuildFile; productRef = 52A8A77A2831957E00C5B3EF /* KeychainAccess */; };
		52A8A77D283196A700C5B3EF /* StorageManager.swift in Sources */ = {isa = PBXBuildFile; fileRef = 52A8A77C283196A700C5B3EF /* StorageManager.swift */; };
		52A8A77F2832F4C900C5B3EF /* ProfileResponse.swift in Sources */ = {isa = PBXBuildFile; fileRef = 52A8A77E2832F4C800C5B3EF /* ProfileResponse.swift */; };
		52A8A7822833A0EA00C5B3EF /* Colorful in Frameworks */ = {isa = PBXBuildFile; productRef = 52A8A7812833A0EA00C5B3EF /* Colorful */; };
		52A8A7892834FF2E00C5B3EF /* UsernameStatus.swift in Sources */ = {isa = PBXBuildFile; fileRef = 52A8A7882834FF2E00C5B3EF /* UsernameStatus.swift */; };
		52A8A78B2838CEC900C5B3EF /* ProfileImageManager.swift in Sources */ = {isa = PBXBuildFile; fileRef = 52A8A78A2838CEC900C5B3EF /* ProfileImageManager.swift */; };
		52AA6D31281E4CF5005C2E52 /* ProfileDataInteractor.swift in Sources */ = {isa = PBXBuildFile; fileRef = 52AA6D30281E4CF5005C2E52 /* ProfileDataInteractor.swift */; };
		52C8A34C281A7EBD00C5A887 /* NSObject+ClassName.swift in Sources */ = {isa = PBXBuildFile; fileRef = 52C8A34B281A7EBD00C5A887 /* NSObject+ClassName.swift */; };
		52C8A355281A82A700C5A887 /* ProfileTitleTableViewCell.swift in Sources */ = {isa = PBXBuildFile; fileRef = 52C8A353281A82A700C5A887 /* ProfileTitleTableViewCell.swift */; };
		52C8A356281A82A700C5A887 /* ProfileTitleTableViewCell.xib in Resources */ = {isa = PBXBuildFile; fileRef = 52C8A354281A82A700C5A887 /* ProfileTitleTableViewCell.xib */; };
/* End PBXBuildFile section */

/* Begin PBXFileReference section */
		520169C5280961AE00662E71 /* BrightButton.swift */ = {isa = PBXFileReference; lastKnownFileType = sourcecode.swift; path = BrightButton.swift; sourceTree = "<group>"; };
		5228AD4A27FF5CEF0000122D /* WunderPferd.app */ = {isa = PBXFileReference; explicitFileType = wrapper.application; includeInIndex = 0; path = WunderPferd.app; sourceTree = BUILT_PRODUCTS_DIR; };
		5228AD4D27FF5CEF0000122D /* AppDelegate.swift */ = {isa = PBXFileReference; lastKnownFileType = sourcecode.swift; path = AppDelegate.swift; sourceTree = "<group>"; };
		5228AD4F27FF5CEF0000122D /* SceneDelegate.swift */ = {isa = PBXFileReference; lastKnownFileType = sourcecode.swift; path = SceneDelegate.swift; sourceTree = "<group>"; };
		5228AD5127FF5CEF0000122D /* AuthorizeViewController.swift */ = {isa = PBXFileReference; lastKnownFileType = sourcecode.swift; path = AuthorizeViewController.swift; sourceTree = "<group>"; };
		5228AD5427FF5CEF0000122D /* Base */ = {isa = PBXFileReference; lastKnownFileType = file.storyboard; name = Base; path = Base.lproj/Main.storyboard; sourceTree = "<group>"; };
		5228AD5627FF5CF50000122D /* Assets.xcassets */ = {isa = PBXFileReference; lastKnownFileType = folder.assetcatalog; path = Assets.xcassets; sourceTree = "<group>"; };
		5228AD5927FF5CF50000122D /* Base */ = {isa = PBXFileReference; lastKnownFileType = file.storyboard; name = Base; path = Base.lproj/LaunchScreen.storyboard; sourceTree = "<group>"; };
		5228AD5B27FF5CF50000122D /* Info.plist */ = {isa = PBXFileReference; lastKnownFileType = text.plist.xml; path = Info.plist; sourceTree = "<group>"; };
		5251497A2809422A0055B8D0 /* RegisterViewController.swift */ = {isa = PBXFileReference; lastKnownFileType = sourcecode.swift; path = RegisterViewController.swift; sourceTree = "<group>"; };
		5277D9732811DA3B00955C19 /* TitledScrollViewController.swift */ = {isa = PBXFileReference; lastKnownFileType = sourcecode.swift; path = TitledScrollViewController.swift; sourceTree = "<group>"; };
		5277D9752811FE5200955C19 /* ProfileViewController.swift */ = {isa = PBXFileReference; lastKnownFileType = sourcecode.swift; path = ProfileViewController.swift; sourceTree = "<group>"; };
		5277D97A2811FFD100955C19 /* ProfileDataTableViewCell.swift */ = {isa = PBXFileReference; lastKnownFileType = sourcecode.swift; path = ProfileDataTableViewCell.swift; sourceTree = "<group>"; };
		5277D97B2811FFD100955C19 /* ProfileDataTableViewCell.xib */ = {isa = PBXFileReference; lastKnownFileType = file.xib; path = ProfileDataTableViewCell.xib; sourceTree = "<group>"; };
		52A8A7672830C3A900C5B3EF /* NetworkManager.swift */ = {isa = PBXFileReference; lastKnownFileType = sourcecode.swift; path = NetworkManager.swift; sourceTree = "<group>"; };
		52A8A76A2830CB9400C5B3EF /* URLRequestBuilder.swift */ = {isa = PBXFileReference; lastKnownFileType = sourcecode.swift; path = URLRequestBuilder.swift; sourceTree = "<group>"; };
		52A8A76D2830CC2D00C5B3EF /* UsernameResponse.swift */ = {isa = PBXFileReference; lastKnownFileType = sourcecode.swift; path = UsernameResponse.swift; sourceTree = "<group>"; };
		52A8A7722831516200C5B3EF /* ErrorMessageSnackBar.swift */ = {isa = PBXFileReference; lastKnownFileType = sourcecode.swift; path = ErrorMessageSnackBar.swift; sourceTree = "<group>"; };
		52A8A774283177B900C5B3EF /* TokenResponse.swift */ = {isa = PBXFileReference; lastKnownFileType = sourcecode.swift; path = TokenResponse.swift; sourceTree = "<group>"; };
		52A8A77C283196A700C5B3EF /* StorageManager.swift */ = {isa = PBXFileReference; lastKnownFileType = sourcecode.swift; path = StorageManager.swift; sourceTree = "<group>"; };
		52A8A77E2832F4C800C5B3EF /* ProfileResponse.swift */ = {isa = PBXFileReference; lastKnownFileType = sourcecode.swift; path = ProfileResponse.swift; sourceTree = "<group>"; };
		52A8A7882834FF2E00C5B3EF /* UsernameStatus.swift */ = {isa = PBXFileReference; lastKnownFileType = sourcecode.swift; path = UsernameStatus.swift; sourceTree = "<group>"; };
		52A8A78A2838CEC900C5B3EF /* ProfileImageManager.swift */ = {isa = PBXFileReference; lastKnownFileType = sourcecode.swift; path = ProfileImageManager.swift; sourceTree = "<group>"; };
		52AA6D30281E4CF5005C2E52 /* ProfileDataInteractor.swift */ = {isa = PBXFileReference; lastKnownFileType = sourcecode.swift; path = ProfileDataInteractor.swift; sourceTree = "<group>"; };
		52C8A34B281A7EBD00C5A887 /* NSObject+ClassName.swift */ = {isa = PBXFileReference; lastKnownFileType = sourcecode.swift; path = "NSObject+ClassName.swift"; sourceTree = "<group>"; };
		52C8A353281A82A700C5A887 /* ProfileTitleTableViewCell.swift */ = {isa = PBXFileReference; lastKnownFileType = sourcecode.swift; path = ProfileTitleTableViewCell.swift; sourceTree = "<group>"; };
		52C8A354281A82A700C5A887 /* ProfileTitleTableViewCell.xib */ = {isa = PBXFileReference; lastKnownFileType = file.xib; path = ProfileTitleTableViewCell.xib; sourceTree = "<group>"; };
/* End PBXFileReference section */

/* Begin PBXFrameworksBuildPhase section */
		5228AD4727FF5CEF0000122D /* Frameworks */ = {
			isa = PBXFrameworksBuildPhase;
			buildActionMask = 2147483647;
			files = (
				52A8A77B2831957E00C5B3EF /* KeychainAccess in Frameworks */,
				52A8A7652830C33300C5B3EF /* Alamofire in Frameworks */,
				52A8A7782831952C00C5B3EF /* JGProgressHUD in Frameworks */,
				52A8A7822833A0EA00C5B3EF /* Colorful in Frameworks */,
				52A8A77128313B8A00C5B3EF /* SnackBar in Frameworks */,
			);
			runOnlyForDeploymentPostprocessing = 0;
		};
/* End PBXFrameworksBuildPhase section */

/* Begin PBXGroup section */
		5228AD4127FF5CEF0000122D = {
			isa = PBXGroup;
			children = (
				5228AD4C27FF5CEF0000122D /* WunderPferd */,
				5228AD4B27FF5CEF0000122D /* Products */,
			);
			sourceTree = "<group>";
		};
		5228AD4B27FF5CEF0000122D /* Products */ = {
			isa = PBXGroup;
			children = (
				5228AD4A27FF5CEF0000122D /* WunderPferd.app */,
			);
			name = Products;
			sourceTree = "<group>";
		};
		5228AD4C27FF5CEF0000122D /* WunderPferd */ = {
			isa = PBXGroup;
			children = (
				52A8A7692830CAB600C5B3EF /* Controllers */,
				52A8A7662830C37C00C5B3EF /* Services */,
				5277D9782811FF5900955C19 /* ProfileCells */,
				5228AD4D27FF5CEF0000122D /* AppDelegate.swift */,
				5228AD4F27FF5CEF0000122D /* SceneDelegate.swift */,
				5228AD5327FF5CEF0000122D /* Main.storyboard */,
				5228AD5627FF5CF50000122D /* Assets.xcassets */,
				5228AD5827FF5CF50000122D /* LaunchScreen.storyboard */,
				5228AD5B27FF5CF50000122D /* Info.plist */,
				520169C5280961AE00662E71 /* BrightButton.swift */,
				52A8A7722831516200C5B3EF /* ErrorMessageSnackBar.swift */,
				52C8A34B281A7EBD00C5A887 /* NSObject+ClassName.swift */,
			);
			path = WunderPferd;
			sourceTree = "<group>";
		};
		5277D9782811FF5900955C19 /* ProfileCells */ = {
			isa = PBXGroup;
			children = (
				52C8A352281A826900C5A887 /* ProfileTitleTableViewCell */,
				5277D9792811FF7900955C19 /* ProfileDataTableViewCell */,
			);
			path = ProfileCells;
			sourceTree = "<group>";
		};
		5277D9792811FF7900955C19 /* ProfileDataTableViewCell */ = {
			isa = PBXGroup;
			children = (
				5277D97A2811FFD100955C19 /* ProfileDataTableViewCell.swift */,
				5277D97B2811FFD100955C19 /* ProfileDataTableViewCell.xib */,
			);
			path = ProfileDataTableViewCell;
			sourceTree = "<group>";
		};
		52A8A7662830C37C00C5B3EF /* Services */ = {
			isa = PBXGroup;
			children = (
				52A8A76C2830CBFC00C5B3EF /* Response */,
				52A8A7672830C3A900C5B3EF /* NetworkManager.swift */,
				52AA6D30281E4CF5005C2E52 /* ProfileDataInteractor.swift */,
				52A8A76A2830CB9400C5B3EF /* URLRequestBuilder.swift */,
				52A8A77C283196A700C5B3EF /* StorageManager.swift */,
				52A8A78A2838CEC900C5B3EF /* ProfileImageManager.swift */,
			);
			path = Services;
			sourceTree = "<group>";
		};
		52A8A7692830CAB600C5B3EF /* Controllers */ = {
			isa = PBXGroup;
			children = (
				5228AD5127FF5CEF0000122D /* AuthorizeViewController.swift */,
				5251497A2809422A0055B8D0 /* RegisterViewController.swift */,
				5277D9732811DA3B00955C19 /* TitledScrollViewController.swift */,
				5277D9752811FE5200955C19 /* ProfileViewController.swift */,
			);
			path = Controllers;
			sourceTree = "<group>";
		};
		52A8A76C2830CBFC00C5B3EF /* Response */ = {
			isa = PBXGroup;
			children = (
				52A8A76D2830CC2D00C5B3EF /* UsernameResponse.swift */,
				52A8A774283177B900C5B3EF /* TokenResponse.swift */,
				52A8A77E2832F4C800C5B3EF /* ProfileResponse.swift */,
				52A8A7882834FF2E00C5B3EF /* UsernameStatus.swift */,
			);
			path = Response;
			sourceTree = "<group>";
		};
		52C8A352281A826900C5A887 /* ProfileTitleTableViewCell */ = {
			isa = PBXGroup;
			children = (
				52C8A353281A82A700C5A887 /* ProfileTitleTableViewCell.swift */,
				52C8A354281A82A700C5A887 /* ProfileTitleTableViewCell.xib */,
			);
			path = ProfileTitleTableViewCell;
			sourceTree = "<group>";
		};
/* End PBXGroup section */

/* Begin PBXNativeTarget section */
		5228AD4927FF5CEF0000122D /* WunderPferd */ = {
			isa = PBXNativeTarget;
			buildConfigurationList = 5228AD5E27FF5CF50000122D /* Build configuration list for PBXNativeTarget "WunderPferd" */;
			buildPhases = (
				5228AD4627FF5CEF0000122D /* Sources */,
				5228AD4727FF5CEF0000122D /* Frameworks */,
				5228AD4827FF5CEF0000122D /* Resources */,
			);
			buildRules = (
			);
			dependencies = (
			);
			name = WunderPferd;
			packageProductDependencies = (
				52A8A7642830C33300C5B3EF /* Alamofire */,
				52A8A77028313B8A00C5B3EF /* SnackBar */,
				52A8A7772831952C00C5B3EF /* JGProgressHUD */,
				52A8A77A2831957E00C5B3EF /* KeychainAccess */,
				52A8A7812833A0EA00C5B3EF /* Colorful */,
			);
			productName = WunderPferd;
			productReference = 5228AD4A27FF5CEF0000122D /* WunderPferd.app */;
			productType = "com.apple.product-type.application";
		};
/* End PBXNativeTarget section */

/* Begin PBXProject section */
		5228AD4227FF5CEF0000122D /* Project object */ = {
			isa = PBXProject;
			attributes = {
				BuildIndependentTargetsInParallel = 1;
				LastSwiftUpdateCheck = 1330;
				LastUpgradeCheck = 1330;
				TargetAttributes = {
					5228AD4927FF5CEF0000122D = {
						CreatedOnToolsVersion = 13.3;
					};
				};
			};
			buildConfigurationList = 5228AD4527FF5CEF0000122D /* Build configuration list for PBXProject "WunderPferd" */;
			compatibilityVersion = "Xcode 13.0";
			developmentRegion = en;
			hasScannedForEncodings = 0;
			knownRegions = (
				en,
				Base,
			);
			mainGroup = 5228AD4127FF5CEF0000122D;
			packageReferences = (
				52A8A7632830C33300C5B3EF /* XCRemoteSwiftPackageReference "Alamofire" */,
				52A8A76F28313B8A00C5B3EF /* XCRemoteSwiftPackageReference "SnackBar" */,
				52A8A7762831952C00C5B3EF /* XCRemoteSwiftPackageReference "JGProgressHUD" */,
				52A8A7792831957E00C5B3EF /* XCRemoteSwiftPackageReference "KeychainAccess" */,
				52A8A7802833A0E900C5B3EF /* XCRemoteSwiftPackageReference "Color-Picker-for-iOS" */,
			);
			productRefGroup = 5228AD4B27FF5CEF0000122D /* Products */;
			projectDirPath = "";
			projectRoot = "";
			targets = (
				5228AD4927FF5CEF0000122D /* WunderPferd */,
			);
		};
/* End PBXProject section */

/* Begin PBXResourcesBuildPhase section */
		5228AD4827FF5CEF0000122D /* Resources */ = {
			isa = PBXResourcesBuildPhase;
			buildActionMask = 2147483647;
			files = (
				5228AD5A27FF5CF50000122D /* LaunchScreen.storyboard in Resources */,
				5277D97D2811FFD100955C19 /* ProfileDataTableViewCell.xib in Resources */,
				52C8A356281A82A700C5A887 /* ProfileTitleTableViewCell.xib in Resources */,
				5228AD5727FF5CF50000122D /* Assets.xcassets in Resources */,
				5228AD5527FF5CEF0000122D /* Main.storyboard in Resources */,
			);
			runOnlyForDeploymentPostprocessing = 0;
		};
/* End PBXResourcesBuildPhase section */

/* Begin PBXSourcesBuildPhase section */
		5228AD4627FF5CEF0000122D /* Sources */ = {
			isa = PBXSourcesBuildPhase;
			buildActionMask = 2147483647;
			files = (
				52A8A77D283196A700C5B3EF /* StorageManager.swift in Sources */,
				52A8A7682830C3A900C5B3EF /* NetworkManager.swift in Sources */,
				52A8A77F2832F4C900C5B3EF /* ProfileResponse.swift in Sources */,
				52A8A7732831516200C5B3EF /* ErrorMessageSnackBar.swift in Sources */,
				52A8A7892834FF2E00C5B3EF /* UsernameStatus.swift in Sources */,
				52C8A355281A82A700C5A887 /* ProfileTitleTableViewCell.swift in Sources */,
				520169C6280961AE00662E71 /* BrightButton.swift in Sources */,
				5277D97C2811FFD100955C19 /* ProfileDataTableViewCell.swift in Sources */,
				52A8A76E2830CC2D00C5B3EF /* UsernameResponse.swift in Sources */,
				5228AD5227FF5CEF0000122D /* AuthorizeViewController.swift in Sources */,
				5228AD4E27FF5CEF0000122D /* AppDelegate.swift in Sources */,
				52A8A78B2838CEC900C5B3EF /* ProfileImageManager.swift in Sources */,
				5277D9742811DA3B00955C19 /* TitledScrollViewController.swift in Sources */,
				5277D9762811FE5200955C19 /* ProfileViewController.swift in Sources */,
				5228AD5027FF5CEF0000122D /* SceneDelegate.swift in Sources */,
				52A8A76B2830CB9400C5B3EF /* URLRequestBuilder.swift in Sources */,
				52C8A34C281A7EBD00C5A887 /* NSObject+ClassName.swift in Sources */,
				52AA6D31281E4CF5005C2E52 /* ProfileDataInteractor.swift in Sources */,
				52A8A775283177B900C5B3EF /* TokenResponse.swift in Sources */,
				5251497B2809422A0055B8D0 /* RegisterViewController.swift in Sources */,
			);
			runOnlyForDeploymentPostprocessing = 0;
		};
/* End PBXSourcesBuildPhase section */

/* Begin PBXVariantGroup section */
		5228AD5327FF5CEF0000122D /* Main.storyboard */ = {
			isa = PBXVariantGroup;
			children = (
				5228AD5427FF5CEF0000122D /* Base */,
			);
			name = Main.storyboard;
			sourceTree = "<group>";
		};
		5228AD5827FF5CF50000122D /* LaunchScreen.storyboard */ = {
			isa = PBXVariantGroup;
			children = (
				5228AD5927FF5CF50000122D /* Base */,
			);
			name = LaunchScreen.storyboard;
			sourceTree = "<group>";
		};
/* End PBXVariantGroup section */

/* Begin XCBuildConfiguration section */
		5228AD5C27FF5CF50000122D /* Debug */ = {
			isa = XCBuildConfiguration;
			buildSettings = {
				ALWAYS_SEARCH_USER_PATHS = NO;
				CLANG_ANALYZER_NONNULL = YES;
				CLANG_ANALYZER_NUMBER_OBJECT_CONVERSION = YES_AGGRESSIVE;
				CLANG_CXX_LANGUAGE_STANDARD = "gnu++17";
				CLANG_ENABLE_MODULES = YES;
				CLANG_ENABLE_OBJC_ARC = YES;
				CLANG_ENABLE_OBJC_WEAK = YES;
				CLANG_WARN_BLOCK_CAPTURE_AUTORELEASING = YES;
				CLANG_WARN_BOOL_CONVERSION = YES;
				CLANG_WARN_COMMA = YES;
				CLANG_WARN_CONSTANT_CONVERSION = YES;
				CLANG_WARN_DEPRECATED_OBJC_IMPLEMENTATIONS = YES;
				CLANG_WARN_DIRECT_OBJC_ISA_USAGE = YES_ERROR;
				CLANG_WARN_DOCUMENTATION_COMMENTS = YES;
				CLANG_WARN_EMPTY_BODY = YES;
				CLANG_WARN_ENUM_CONVERSION = YES;
				CLANG_WARN_INFINITE_RECURSION = YES;
				CLANG_WARN_INT_CONVERSION = YES;
				CLANG_WARN_NON_LITERAL_NULL_CONVERSION = YES;
				CLANG_WARN_OBJC_IMPLICIT_RETAIN_SELF = YES;
				CLANG_WARN_OBJC_LITERAL_CONVERSION = YES;
				CLANG_WARN_OBJC_ROOT_CLASS = YES_ERROR;
				CLANG_WARN_QUOTED_INCLUDE_IN_FRAMEWORK_HEADER = YES;
				CLANG_WARN_RANGE_LOOP_ANALYSIS = YES;
				CLANG_WARN_STRICT_PROTOTYPES = YES;
				CLANG_WARN_SUSPICIOUS_MOVE = YES;
				CLANG_WARN_UNGUARDED_AVAILABILITY = YES_AGGRESSIVE;
				CLANG_WARN_UNREACHABLE_CODE = YES;
				CLANG_WARN__DUPLICATE_METHOD_MATCH = YES;
				COPY_PHASE_STRIP = NO;
				DEBUG_INFORMATION_FORMAT = dwarf;
				ENABLE_STRICT_OBJC_MSGSEND = YES;
				ENABLE_TESTABILITY = YES;
				GCC_C_LANGUAGE_STANDARD = gnu11;
				GCC_DYNAMIC_NO_PIC = NO;
				GCC_NO_COMMON_BLOCKS = YES;
				GCC_OPTIMIZATION_LEVEL = 0;
				GCC_PREPROCESSOR_DEFINITIONS = (
					"DEBUG=1",
					"$(inherited)",
				);
				GCC_WARN_64_TO_32_BIT_CONVERSION = YES;
				GCC_WARN_ABOUT_RETURN_TYPE = YES_ERROR;
				GCC_WARN_UNDECLARED_SELECTOR = YES;
				GCC_WARN_UNINITIALIZED_AUTOS = YES_AGGRESSIVE;
				GCC_WARN_UNUSED_FUNCTION = YES;
				GCC_WARN_UNUSED_VARIABLE = YES;
				IPHONEOS_DEPLOYMENT_TARGET = 15.4;
				MTL_ENABLE_DEBUG_INFO = INCLUDE_SOURCE;
				MTL_FAST_MATH = YES;
				ONLY_ACTIVE_ARCH = YES;
				SDKROOT = iphoneos;
				SWIFT_ACTIVE_COMPILATION_CONDITIONS = DEBUG;
				SWIFT_OPTIMIZATION_LEVEL = "-Onone";
			};
			name = Debug;
		};
		5228AD5D27FF5CF50000122D /* Release */ = {
			isa = XCBuildConfiguration;
			buildSettings = {
				ALWAYS_SEARCH_USER_PATHS = NO;
				CLANG_ANALYZER_NONNULL = YES;
				CLANG_ANALYZER_NUMBER_OBJECT_CONVERSION = YES_AGGRESSIVE;
				CLANG_CXX_LANGUAGE_STANDARD = "gnu++17";
				CLANG_ENABLE_MODULES = YES;
				CLANG_ENABLE_OBJC_ARC = YES;
				CLANG_ENABLE_OBJC_WEAK = YES;
				CLANG_WARN_BLOCK_CAPTURE_AUTORELEASING = YES;
				CLANG_WARN_BOOL_CONVERSION = YES;
				CLANG_WARN_COMMA = YES;
				CLANG_WARN_CONSTANT_CONVERSION = YES;
				CLANG_WARN_DEPRECATED_OBJC_IMPLEMENTATIONS = YES;
				CLANG_WARN_DIRECT_OBJC_ISA_USAGE = YES_ERROR;
				CLANG_WARN_DOCUMENTATION_COMMENTS = YES;
				CLANG_WARN_EMPTY_BODY = YES;
				CLANG_WARN_ENUM_CONVERSION = YES;
				CLANG_WARN_INFINITE_RECURSION = YES;
				CLANG_WARN_INT_CONVERSION = YES;
				CLANG_WARN_NON_LITERAL_NULL_CONVERSION = YES;
				CLANG_WARN_OBJC_IMPLICIT_RETAIN_SELF = YES;
				CLANG_WARN_OBJC_LITERAL_CONVERSION = YES;
				CLANG_WARN_OBJC_ROOT_CLASS = YES_ERROR;
				CLANG_WARN_QUOTED_INCLUDE_IN_FRAMEWORK_HEADER = YES;
				CLANG_WARN_RANGE_LOOP_ANALYSIS = YES;
				CLANG_WARN_STRICT_PROTOTYPES = YES;
				CLANG_WARN_SUSPICIOUS_MOVE = YES;
				CLANG_WARN_UNGUARDED_AVAILABILITY = YES_AGGRESSIVE;
				CLANG_WARN_UNREACHABLE_CODE = YES;
				CLANG_WARN__DUPLICATE_METHOD_MATCH = YES;
				COPY_PHASE_STRIP = NO;
				DEBUG_INFORMATION_FORMAT = "dwarf-with-dsym";
				ENABLE_NS_ASSERTIONS = NO;
				ENABLE_STRICT_OBJC_MSGSEND = YES;
				GCC_C_LANGUAGE_STANDARD = gnu11;
				GCC_NO_COMMON_BLOCKS = YES;
				GCC_WARN_64_TO_32_BIT_CONVERSION = YES;
				GCC_WARN_ABOUT_RETURN_TYPE = YES_ERROR;
				GCC_WARN_UNDECLARED_SELECTOR = YES;
				GCC_WARN_UNINITIALIZED_AUTOS = YES_AGGRESSIVE;
				GCC_WARN_UNUSED_FUNCTION = YES;
				GCC_WARN_UNUSED_VARIABLE = YES;
				IPHONEOS_DEPLOYMENT_TARGET = 15.4;
				MTL_ENABLE_DEBUG_INFO = NO;
				MTL_FAST_MATH = YES;
				SDKROOT = iphoneos;
				SWIFT_COMPILATION_MODE = wholemodule;
				SWIFT_OPTIMIZATION_LEVEL = "-O";
				VALIDATE_PRODUCT = YES;
			};
			name = Release;
		};
		5228AD5F27FF5CF50000122D /* Debug */ = {
			isa = XCBuildConfiguration;
			buildSettings = {
				ASSETCATALOG_COMPILER_APPICON_NAME = AppIcon;
				ASSETCATALOG_COMPILER_GLOBAL_ACCENT_COLOR_NAME = AccentColor;
				CODE_SIGN_STYLE = Automatic;
				CURRENT_PROJECT_VERSION = 1;
				GENERATE_INFOPLIST_FILE = YES;
				INFOPLIST_FILE = WunderPferd/Info.plist;
				INFOPLIST_KEY_UIApplicationSupportsIndirectInputEvents = YES;
				INFOPLIST_KEY_UILaunchStoryboardName = LaunchScreen;
				INFOPLIST_KEY_UIMainStoryboardFile = Main;
				INFOPLIST_KEY_UISupportedInterfaceOrientations_iPad = "UIInterfaceOrientationPortrait UIInterfaceOrientationPortraitUpsideDown UIInterfaceOrientationLandscapeLeft UIInterfaceOrientationLandscapeRight";
				INFOPLIST_KEY_UISupportedInterfaceOrientations_iPhone = "UIInterfaceOrientationPortrait UIInterfaceOrientationLandscapeLeft UIInterfaceOrientationLandscapeRight";
				LD_RUNPATH_SEARCH_PATHS = (
					"$(inherited)",
					"@executable_path/Frameworks",
				);
				MARKETING_VERSION = 1.0;
				PRODUCT_BUNDLE_IDENTIFIER = hnh.WunderPferd;
				PRODUCT_NAME = "$(TARGET_NAME)";
				SWIFT_EMIT_LOC_STRINGS = YES;
				SWIFT_VERSION = 5.0;
				TARGETED_DEVICE_FAMILY = "1,2";
			};
			name = Debug;
		};
		5228AD6027FF5CF50000122D /* Release */ = {
			isa = XCBuildConfiguration;
			buildSettings = {
				ASSETCATALOG_COMPILER_APPICON_NAME = AppIcon;
				ASSETCATALOG_COMPILER_GLOBAL_ACCENT_COLOR_NAME = AccentColor;
				CODE_SIGN_STYLE = Automatic;
				CURRENT_PROJECT_VERSION = 1;
				GENERATE_INFOPLIST_FILE = YES;
				INFOPLIST_FILE = WunderPferd/Info.plist;
				INFOPLIST_KEY_UIApplicationSupportsIndirectInputEvents = YES;
				INFOPLIST_KEY_UILaunchStoryboardName = LaunchScreen;
				INFOPLIST_KEY_UIMainStoryboardFile = Main;
				INFOPLIST_KEY_UISupportedInterfaceOrientations_iPad = "UIInterfaceOrientationPortrait UIInterfaceOrientationPortraitUpsideDown UIInterfaceOrientationLandscapeLeft UIInterfaceOrientationLandscapeRight";
				INFOPLIST_KEY_UISupportedInterfaceOrientations_iPhone = "UIInterfaceOrientationPortrait UIInterfaceOrientationLandscapeLeft UIInterfaceOrientationLandscapeRight";
				LD_RUNPATH_SEARCH_PATHS = (
					"$(inherited)",
					"@executable_path/Frameworks",
				);
				MARKETING_VERSION = 1.0;
				PRODUCT_BUNDLE_IDENTIFIER = hnh.WunderPferd;
				PRODUCT_NAME = "$(TARGET_NAME)";
				SWIFT_EMIT_LOC_STRINGS = YES;
				SWIFT_VERSION = 5.0;
				TARGETED_DEVICE_FAMILY = "1,2";
			};
			name = Release;
		};
/* End XCBuildConfiguration section */

/* Begin XCConfigurationList section */
		5228AD4527FF5CEF0000122D /* Build configuration list for PBXProject "WunderPferd" */ = {
			isa = XCConfigurationList;
			buildConfigurations = (
				5228AD5C27FF5CF50000122D /* Debug */,
				5228AD5D27FF5CF50000122D /* Release */,
			);
			defaultConfigurationIsVisible = 0;
			defaultConfigurationName = Release;
		};
		5228AD5E27FF5CF50000122D /* Build configuration list for PBXNativeTarget "WunderPferd" */ = {
			isa = XCConfigurationList;
			buildConfigurations = (
				5228AD5F27FF5CF50000122D /* Debug */,
				5228AD6027FF5CF50000122D /* Release */,
			);
			defaultConfigurationIsVisible = 0;
			defaultConfigurationName = Release;
		};
/* End XCConfigurationList section */

/* Begin XCRemoteSwiftPackageReference section */
		52A8A7632830C33300C5B3EF /* XCRemoteSwiftPackageReference "Alamofire" */ = {
			isa = XCRemoteSwiftPackageReference;
			repositoryURL = "https://github.com/Alamofire/Alamofire.git";
			requirement = {
				branch = master;
				kind = branch;
			};
		};
		52A8A76F28313B8A00C5B3EF /* XCRemoteSwiftPackageReference "SnackBar" */ = {
			isa = XCRemoteSwiftPackageReference;
			repositoryURL = "https://github.com/ahmedAlmasri/SnackBar.swift";
			requirement = {
				kind = upToNextMajorVersion;
				minimumVersion = 0.1.2;
			};
		};
		52A8A7762831952C00C5B3EF /* XCRemoteSwiftPackageReference "JGProgressHUD" */ = {
			isa = XCRemoteSwiftPackageReference;
			repositoryURL = "https://github.com/JonasGessner/JGProgressHUD.git";
			requirement = {
				kind = upToNextMajorVersion;
				minimumVersion = 2.0.0;
			};
		};
		52A8A7792831957E00C5B3EF /* XCRemoteSwiftPackageReference "KeychainAccess" */ = {
			isa = XCRemoteSwiftPackageReference;
			repositoryURL = "https://github.com/kishikawakatsumi/KeychainAccess.git";
			requirement = {
				branch = master;
				kind = branch;
			};
		};
		52A8A7802833A0E900C5B3EF /* XCRemoteSwiftPackageReference "Color-Picker-for-iOS" */ = {
			isa = XCRemoteSwiftPackageReference;
			repositoryURL = "https://github.com/hayashi311/Color-Picker-for-iOS.git";
			requirement = {
				kind = upToNextMajorVersion;
				minimumVersion = 3.0.0;
			};
		};
/* End XCRemoteSwiftPackageReference section */

/* Begin XCSwiftPackageProductDependency section */
		52A8A7642830C33300C5B3EF /* Alamofire */ = {
			isa = XCSwiftPackageProductDependency;
			package = 52A8A7632830C33300C5B3EF /* XCRemoteSwiftPackageReference "Alamofire" */;
			productName = Alamofire;
		};
		52A8A77028313B8A00C5B3EF /* SnackBar */ = {
			isa = XCSwiftPackageProductDependency;
			package = 52A8A76F28313B8A00C5B3EF /* XCRemoteSwiftPackageReference "SnackBar" */;
			productName = SnackBar;
		};
		52A8A7772831952C00C5B3EF /* JGProgressHUD */ = {
			isa = XCSwiftPackageProductDependency;
			package = 52A8A7762831952C00C5B3EF /* XCRemoteSwiftPackageReference "JGProgressHUD" */;
			productName = JGProgressHUD;
		};
		52A8A77A2831957E00C5B3EF /* KeychainAccess */ = {
			isa = XCSwiftPackageProductDependency;
			package = 52A8A7792831957E00C5B3EF /* XCRemoteSwiftPackageReference "KeychainAccess" */;
			productName = KeychainAccess;
		};
		52A8A7812833A0EA00C5B3EF /* Colorful */ = {
			isa = XCSwiftPackageProductDependency;
			package = 52A8A7802833A0E900C5B3EF /* XCRemoteSwiftPackageReference "Color-Picker-for-iOS" */;
			productName = Colorful;
		};
/* End XCSwiftPackageProductDependency section */
	};
	rootObject = 5228AD4227FF5CEF0000122D /* Project object */;
}
